// !$*UTF8*$!
{
	archiveVersion = 1;
	classes = {
	};
	objectVersion = 46;
	objects = {

/* Begin PBXBuildFile section */
		51A6678D1A9C77D300CC05A5 /* OpenGL.framework in Frameworks */ = {isa = PBXBuildFile; fileRef = 51A6678C1A9C77D300CC05A5 /* OpenGL.framework */; };
		51A6678F1A9C77D700CC05A5 /* GLUT.framework in Frameworks */ = {isa = PBXBuildFile; fileRef = 51A6678E1A9C77D700CC05A5 /* GLUT.framework */; };
		51A667AD1A9C77E900CC05A5 /* freeglut.lib in Frameworks */ = {isa = PBXBuildFile; fileRef = 51A6679E1A9C77E900CC05A5 /* freeglut.lib */; };
		51A667AE1A9C77E900CC05A5 /* glew32mxs.lib in Frameworks */ = {isa = PBXBuildFile; fileRef = 51A6679F1A9C77E900CC05A5 /* glew32mxs.lib */; };
		51A667AF1A9C77E900CC05A5 /* glew32s.lib in Frameworks */ = {isa = PBXBuildFile; fileRef = 51A667A01A9C77E900CC05A5 /* glew32s.lib */; };
		51A667B01A9C77E900CC05A5 /* freeglut.lib in Frameworks */ = {isa = PBXBuildFile; fileRef = 51A667A31A9C77E900CC05A5 /* freeglut.lib */; };
		51A667B11A9C77E900CC05A5 /* glew32mxs.lib in Frameworks */ = {isa = PBXBuildFile; fileRef = 51A667A41A9C77E900CC05A5 /* glew32mxs.lib */; };
		51A667B21A9C77E900CC05A5 /* glew32s.lib in Frameworks */ = {isa = PBXBuildFile; fileRef = 51A667A51A9C77E900CC05A5 /* glew32s.lib */; };
		51A667B31A9C77E900CC05A5 /* anim.cpp in Sources */ = {isa = PBXBuildFile; fileRef = 51A667A71A9C77E900CC05A5 /* anim.cpp */; };
/* End PBXBuildFile section */

/* Begin PBXCopyFilesBuildPhase section */
		51A667801A9C77A100CC05A5 /* CopyFiles */ = {
			isa = PBXCopyFilesBuildPhase;
			buildActionMask = 2147483647;
			dstPath = /usr/share/man/man1/;
			dstSubfolderSpec = 0;
			files = (
			);
			runOnlyForDeploymentPostprocessing = 1;
		};
/* End PBXCopyFilesBuildPhase section */

/* Begin PBXFileReference section */
		51A667821A9C77A100CC05A5 /* HungerGame_v2 */ = {isa = PBXFileReference; explicitFileType = "compiled.mach-o.executable"; includeInIndex = 0; path = HungerGame_v2; sourceTree = BUILT_PRODUCTS_DIR; };
		51A6678C1A9C77D300CC05A5 /* OpenGL.framework */ = {isa = PBXFileReference; lastKnownFileType = wrapper.framework; name = OpenGL.framework; path = System/Library/Frameworks/OpenGL.framework; sourceTree = SDKROOT; };
		51A6678E1A9C77D700CC05A5 /* GLUT.framework */ = {isa = PBXFileReference; lastKnownFileType = wrapper.framework; name = GLUT.framework; path = System/Library/Frameworks/GLUT.framework; sourceTree = SDKROOT; };
		51A667911A9C77E900CC05A5 /* Mat_and_Vec.h */ = {isa = PBXFileReference; fileEncoding = 4; lastKnownFileType = sourcecode.c.h; path = Mat_and_Vec.h; sourceTree = "<group>"; };
		51A667921A9C77E900CC05A5 /* Shapes.h */ = {isa = PBXFileReference; fileEncoding = 4; lastKnownFileType = sourcecode.c.h; path = Shapes.h; sourceTree = "<group>"; };
		51A667931A9C77E900CC05A5 /* Utilities.h */ = {isa = PBXFileReference; fileEncoding = 4; lastKnownFileType = sourcecode.c.h; path = Utilities.h; sourceTree = "<group>"; };
		51A667951A9C77E900CC05A5 /* freeglut.h */ = {isa = PBXFileReference; fileEncoding = 4; lastKnownFileType = sourcecode.c.h; path = freeglut.h; sourceTree = "<group>"; };
		51A667961A9C77E900CC05A5 /* freeglut_ext.h */ = {isa = PBXFileReference; fileEncoding = 4; lastKnownFileType = sourcecode.c.h; path = freeglut_ext.h; sourceTree = "<group>"; };
		51A667971A9C77E900CC05A5 /* freeglut_std.h */ = {isa = PBXFileReference; fileEncoding = 4; lastKnownFileType = sourcecode.c.h; path = freeglut_std.h; sourceTree = "<group>"; };
		51A667981A9C77E900CC05A5 /* glew.h */ = {isa = PBXFileReference; fileEncoding = 4; lastKnownFileType = sourcecode.c.h; path = glew.h; sourceTree = "<group>"; };
		51A667991A9C77E900CC05A5 /* glut.h */ = {isa = PBXFileReference; fileEncoding = 4; lastKnownFileType = sourcecode.c.h; path = glut.h; sourceTree = "<group>"; };
		51A6679A1A9C77E900CC05A5 /* glxew.h */ = {isa = PBXFileReference; fileEncoding = 4; lastKnownFileType = sourcecode.c.h; path = glxew.h; sourceTree = "<group>"; };
		51A6679B1A9C77E900CC05A5 /* wglew.h */ = {isa = PBXFileReference; fileEncoding = 4; lastKnownFileType = sourcecode.c.h; path = wglew.h; sourceTree = "<group>"; };
		51A6679D1A9C77E900CC05A5 /* freeglut.dll */ = {isa = PBXFileReference; lastKnownFileType = file; path = freeglut.dll; sourceTree = "<group>"; };
		51A6679E1A9C77E900CC05A5 /* freeglut.lib */ = {isa = PBXFileReference; lastKnownFileType = archive.ar; path = freeglut.lib; sourceTree = "<group>"; };
		51A6679F1A9C77E900CC05A5 /* glew32mxs.lib */ = {isa = PBXFileReference; lastKnownFileType = archive.ar; path = glew32mxs.lib; sourceTree = "<group>"; };
		51A667A01A9C77E900CC05A5 /* glew32s.lib */ = {isa = PBXFileReference; lastKnownFileType = archive.ar; path = glew32s.lib; sourceTree = "<group>"; };
		51A667A21A9C77E900CC05A5 /* freeglut.dll */ = {isa = PBXFileReference; lastKnownFileType = file; path = freeglut.dll; sourceTree = "<group>"; };
		51A667A31A9C77E900CC05A5 /* freeglut.lib */ = {isa = PBXFileReference; lastKnownFileType = archive.ar; path = freeglut.lib; sourceTree = "<group>"; };
		51A667A41A9C77E900CC05A5 /* glew32mxs.lib */ = {isa = PBXFileReference; lastKnownFileType = archive.ar; path = glew32mxs.lib; sourceTree = "<group>"; };
		51A667A51A9C77E900CC05A5 /* glew32s.lib */ = {isa = PBXFileReference; lastKnownFileType = archive.ar; path = glew32s.lib; sourceTree = "<group>"; };
		51A667A71A9C77E900CC05A5 /* anim.cpp */ = {isa = PBXFileReference; fileEncoding = 4; lastKnownFileType = sourcecode.cpp.cpp; path = anim.cpp; sourceTree = "<group>"; };
		51A667A81A9C77E900CC05A5 /* challenge.tga */ = {isa = PBXFileReference; lastKnownFileType = file; path = challenge.tga; sourceTree = "<group>"; };
		51A667A91A9C77E900CC05A5 /* earth.tga */ = {isa = PBXFileReference; lastKnownFileType = file; path = earth.tga; sourceTree = "<group>"; };
		51A667AA1A9C77E900CC05A5 /* emcmdprompt.bat */ = {isa = PBXFileReference; fileEncoding = 4; lastKnownFileType = text; path = emcmdprompt.bat; sourceTree = "<group>"; };
		51A667AB1A9C77E900CC05A5 /* fshader.glsl */ = {isa = PBXFileReference; fileEncoding = 4; lastKnownFileType = text; path = fshader.glsl; sourceTree = "<group>"; };
		51A667AC1A9C77E900CC05A5 /* vshader.glsl */ = {isa = PBXFileReference; fileEncoding = 4; lastKnownFileType = text; path = vshader.glsl; sourceTree = "<group>"; };
		51A667B41A9C955100CC05A5 /* myConstant.h */ = {isa = PBXFileReference; lastKnownFileType = sourcecode.c.h; path = myConstant.h; sourceTree = "<group>"; };
		51A667C01AA3492400CC05A5 /* wolf.tga */ = {isa = PBXFileReference; lastKnownFileType = file; path = wolf.tga; sourceTree = "<group>"; };
		51A667C11AA34B1700CC05A5 /* wolf_test.tga */ = {isa = PBXFileReference; lastKnownFileType = file; path = wolf_test.tga; sourceTree = "<group>"; };
		51A667C31AA35F4500CC05A5 /* skin.tga */ = {isa = PBXFileReference; lastKnownFileType = file; path = skin.tga; sourceTree = "<group>"; };
		51A667C41AA36B9B00CC05A5 /* wolf_mouth.tga */ = {isa = PBXFileReference; lastKnownFileType = file; path = wolf_mouth.tga; sourceTree = "<group>"; };
		51A667C51AA3CA6400CC05A5 /* tree.tga */ = {isa = PBXFileReference; lastKnownFileType = file; path = tree.tga; sourceTree = "<group>"; };
		51A668051AA3F2F800CC05A5 /* chicken.tga */ = {isa = PBXFileReference; lastKnownFileType = file; path = chicken.tga; sourceTree = "<group>"; };
		51A668071AA49EB700CC05A5 /* hunter_head.tga */ = {isa = PBXFileReference; lastKnownFileType = file; path = hunter_head.tga; sourceTree = "<group>"; };
		51A668091AA4A27300CC05A5 /* hunter_h.tga */ = {isa = PBXFileReference; lastKnownFileType = file; path = hunter_h.tga; sourceTree = "<group>"; };
/* End PBXFileReference section */

/* Begin PBXFrameworksBuildPhase section */
		51A6677F1A9C77A100CC05A5 /* Frameworks */ = {
			isa = PBXFrameworksBuildPhase;
			buildActionMask = 2147483647;
			files = (
				51A667AF1A9C77E900CC05A5 /* glew32s.lib in Frameworks */,
				51A667B01A9C77E900CC05A5 /* freeglut.lib in Frameworks */,
				51A6678F1A9C77D700CC05A5 /* GLUT.framework in Frameworks */,
				51A667AD1A9C77E900CC05A5 /* freeglut.lib in Frameworks */,
				51A667AE1A9C77E900CC05A5 /* glew32mxs.lib in Frameworks */,
				51A667B11A9C77E900CC05A5 /* glew32mxs.lib in Frameworks */,
				51A6678D1A9C77D300CC05A5 /* OpenGL.framework in Frameworks */,
				51A667B21A9C77E900CC05A5 /* glew32s.lib in Frameworks */,
			);
			runOnlyForDeploymentPostprocessing = 0;
		};
/* End PBXFrameworksBuildPhase section */

/* Begin PBXGroup section */
		51A667791A9C77A100CC05A5 = {
			isa = PBXGroup;
			children = (
				51A6678E1A9C77D700CC05A5 /* GLUT.framework */,
				51A6678C1A9C77D300CC05A5 /* OpenGL.framework */,
				51A667841A9C77A100CC05A5 /* HungerGame_v2 */,
				51A667831A9C77A100CC05A5 /* Products */,
			);
			sourceTree = "<group>";
		};
		51A667831A9C77A100CC05A5 /* Products */ = {
			isa = PBXGroup;
			children = (
				51A667821A9C77A100CC05A5 /* HungerGame_v2 */,
			);
			name = Products;
			sourceTree = "<group>";
		};
		51A667841A9C77A100CC05A5 /* HungerGame_v2 */ = {
			isa = PBXGroup;
			children = (
				51A667901A9C77E900CC05A5 /* CS174a template */,
				51A667941A9C77E900CC05A5 /* GL */,
				51A667A61A9C77E900CC05A5 /* my code */,
			);
			path = HungerGame_v2;
			sourceTree = "<group>";
		};
		51A667901A9C77E900CC05A5 /* CS174a template */ = {
			isa = PBXGroup;
			children = (
				51A667911A9C77E900CC05A5 /* Mat_and_Vec.h */,
				51A667921A9C77E900CC05A5 /* Shapes.h */,
				51A667931A9C77E900CC05A5 /* Utilities.h */,
			);
			path = "CS174a template";
			sourceTree = "<group>";
		};
		51A667941A9C77E900CC05A5 /* GL */ = {
			isa = PBXGroup;
			children = (
				51A667951A9C77E900CC05A5 /* freeglut.h */,
				51A667961A9C77E900CC05A5 /* freeglut_ext.h */,
				51A667971A9C77E900CC05A5 /* freeglut_std.h */,
				51A667981A9C77E900CC05A5 /* glew.h */,
				51A667991A9C77E900CC05A5 /* glut.h */,
				51A6679A1A9C77E900CC05A5 /* glxew.h */,
				51A6679B1A9C77E900CC05A5 /* wglew.h */,
				51A6679C1A9C77E900CC05A5 /* Win32 */,
				51A667A11A9C77E900CC05A5 /* x64 */,
			);
			path = GL;
			sourceTree = "<group>";
		};
		51A6679C1A9C77E900CC05A5 /* Win32 */ = {
			isa = PBXGroup;
			children = (
				51A6679D1A9C77E900CC05A5 /* freeglut.dll */,
				51A6679E1A9C77E900CC05A5 /* freeglut.lib */,
				51A6679F1A9C77E900CC05A5 /* glew32mxs.lib */,
				51A667A01A9C77E900CC05A5 /* glew32s.lib */,
			);
			path = Win32;
			sourceTree = "<group>";
		};
		51A667A11A9C77E900CC05A5 /* x64 */ = {
			isa = PBXGroup;
			children = (
				51A667A21A9C77E900CC05A5 /* freeglut.dll */,
				51A667A31A9C77E900CC05A5 /* freeglut.lib */,
				51A667A41A9C77E900CC05A5 /* glew32mxs.lib */,
				51A667A51A9C77E900CC05A5 /* glew32s.lib */,
			);
			path = x64;
			sourceTree = "<group>";
		};
		51A667A61A9C77E900CC05A5 /* my code */ = {
			isa = PBXGroup;
			children = (
				51A668071AA49EB700CC05A5 /* hunter_head.tga */,
				51A667C41AA36B9B00CC05A5 /* wolf_mouth.tga */,
				51A667C11AA34B1700CC05A5 /* wolf_test.tga */,
				51A668051AA3F2F800CC05A5 /* chicken.tga */,
				51A667C01AA3492400CC05A5 /* wolf.tga */,
				51A667C31AA35F4500CC05A5 /* skin.tga */,
				51A667C51AA3CA6400CC05A5 /* tree.tga */,
				51A667A71A9C77E900CC05A5 /* anim.cpp */,
				51A667A81A9C77E900CC05A5 /* challenge.tga */,
				51A668091AA4A27300CC05A5 /* hunter_h.tga */,
				51A667A91A9C77E900CC05A5 /* earth.tga */,
				51A667AA1A9C77E900CC05A5 /* emcmdprompt.bat */,
				51A667AB1A9C77E900CC05A5 /* fshader.glsl */,
				51A667AC1A9C77E900CC05A5 /* vshader.glsl */,
				51A667B41A9C955100CC05A5 /* myConstant.h */,
			);
			path = "my code";
			sourceTree = "<group>";
		};
/* End PBXGroup section */

/* Begin PBXNativeTarget section */
		51A667811A9C77A100CC05A5 /* HungerGame_v2 */ = {
			isa = PBXNativeTarget;
			buildConfigurationList = 51A667891A9C77A100CC05A5 /* Build configuration list for PBXNativeTarget "HungerGame_v2" */;
			buildPhases = (
				51A6677E1A9C77A100CC05A5 /* Sources */,
				51A6677F1A9C77A100CC05A5 /* Frameworks */,
				51A667801A9C77A100CC05A5 /* CopyFiles */,
			);
			buildRules = (
			);
			dependencies = (
			);
			name = HungerGame_v2;
			productName = HungerGame_v2;
			productReference = 51A667821A9C77A100CC05A5 /* HungerGame_v2 */;
			productType = "com.apple.product-type.tool";
		};
/* End PBXNativeTarget section */

/* Begin PBXProject section */
		51A6677A1A9C77A100CC05A5 /* Project object */ = {
			isa = PBXProject;
			attributes = {
				LastUpgradeCheck = 0620;
				ORGANIZATIONNAME = Hong;
				TargetAttributes = {
					51A667811A9C77A100CC05A5 = {
						CreatedOnToolsVersion = 6.2;
					};
				};
			};
			buildConfigurationList = 51A6677D1A9C77A100CC05A5 /* Build configuration list for PBXProject "HungerGame_v2" */;
			compatibilityVersion = "Xcode 3.2";
			developmentRegion = English;
			hasScannedForEncodings = 0;
			knownRegions = (
				en,
			);
			mainGroup = 51A667791A9C77A100CC05A5;
			productRefGroup = 51A667831A9C77A100CC05A5 /* Products */;
			projectDirPath = "";
			projectRoot = "";
			targets = (
				51A667811A9C77A100CC05A5 /* HungerGame_v2 */,
			);
		};
/* End PBXProject section */

/* Begin PBXSourcesBuildPhase section */
		51A6677E1A9C77A100CC05A5 /* Sources */ = {
			isa = PBXSourcesBuildPhase;
			buildActionMask = 2147483647;
			files = (
				51A667B31A9C77E900CC05A5 /* anim.cpp in Sources */,
			);
			runOnlyForDeploymentPostprocessing = 0;
		};
/* End PBXSourcesBuildPhase section */

/* Begin XCBuildConfiguration section */
		51A667871A9C77A100CC05A5 /* Debug */ = {
			isa = XCBuildConfiguration;
			buildSettings = {
				ALWAYS_SEARCH_USER_PATHS = NO;
				CLANG_CXX_LANGUAGE_STANDARD = "gnu++0x";
				CLANG_CXX_LIBRARY = "libc++";
				CLANG_ENABLE_MODULES = YES;
				CLANG_ENABLE_OBJC_ARC = YES;
				CLANG_WARN_BOOL_CONVERSION = YES;
				CLANG_WARN_CONSTANT_CONVERSION = YES;
				CLANG_WARN_DIRECT_OBJC_ISA_USAGE = YES_ERROR;
				CLANG_WARN_EMPTY_BODY = YES;
				CLANG_WARN_ENUM_CONVERSION = YES;
				CLANG_WARN_INT_CONVERSION = YES;
				CLANG_WARN_OBJC_ROOT_CLASS = YES_ERROR;
				CLANG_WARN_UNREACHABLE_CODE = YES;
				CLANG_WARN__DUPLICATE_METHOD_MATCH = YES;
				COPY_PHASE_STRIP = NO;
				ENABLE_STRICT_OBJC_MSGSEND = YES;
				GCC_C_LANGUAGE_STANDARD = gnu99;
				GCC_DYNAMIC_NO_PIC = NO;
				GCC_OPTIMIZATION_LEVEL = 0;
				GCC_PREPROCESSOR_DEFINITIONS = (
					"DEBUG=1",
					"$(inherited)",
				);
				GCC_SYMBOLS_PRIVATE_EXTERN = NO;
				GCC_WARN_64_TO_32_BIT_CONVERSION = YES;
				GCC_WARN_ABOUT_RETURN_TYPE = YES_ERROR;
				GCC_WARN_UNDECLARED_SELECTOR = YES;
				GCC_WARN_UNINITIALIZED_AUTOS = YES_AGGRESSIVE;
				GCC_WARN_UNUSED_FUNCTION = YES;
				GCC_WARN_UNUSED_VARIABLE = YES;
				MACOSX_DEPLOYMENT_TARGET = 10.10;
				MTL_ENABLE_DEBUG_INFO = YES;
				ONLY_ACTIVE_ARCH = YES;
				SDKROOT = macosx;
			};
			name = Debug;
		};
		51A667881A9C77A100CC05A5 /* Release */ = {
			isa = XCBuildConfiguration;
			buildSettings = {
				ALWAYS_SEARCH_USER_PATHS = NO;
				CLANG_CXX_LANGUAGE_STANDARD = "gnu++0x";
				CLANG_CXX_LIBRARY = "libc++";
				CLANG_ENABLE_MODULES = YES;
				CLANG_ENABLE_OBJC_ARC = YES;
				CLANG_WARN_BOOL_CONVERSION = YES;
				CLANG_WARN_CONSTANT_CONVERSION = YES;
				CLANG_WARN_DIRECT_OBJC_ISA_USAGE = YES_ERROR;
				CLANG_WARN_EMPTY_BODY = YES;
				CLANG_WARN_ENUM_CONVERSION = YES;
				CLANG_WARN_INT_CONVERSION = YES;
				CLANG_WARN_OBJC_ROOT_CLASS = YES_ERROR;
				CLANG_WARN_UNREACHABLE_CODE = YES;
				CLANG_WARN__DUPLICATE_METHOD_MATCH = YES;
				COPY_PHASE_STRIP = NO;
				DEBUG_INFORMATION_FORMAT = "dwarf-with-dsym";
				ENABLE_NS_ASSERTIONS = NO;
				ENABLE_STRICT_OBJC_MSGSEND = YES;
				GCC_C_LANGUAGE_STANDARD = gnu99;
				GCC_WARN_64_TO_32_BIT_CONVERSION = YES;
				GCC_WARN_ABOUT_RETURN_TYPE = YES_ERROR;
				GCC_WARN_UNDECLARED_SELECTOR = YES;
				GCC_WARN_UNINITIALIZED_AUTOS = YES_AGGRESSIVE;
				GCC_WARN_UNUSED_FUNCTION = YES;
				GCC_WARN_UNUSED_VARIABLE = YES;
				MACOSX_DEPLOYMENT_TARGET = 10.10;
				MTL_ENABLE_DEBUG_INFO = NO;
				SDKROOT = macosx;
			};
			name = Release;
		};
		51A6678A1A9C77A100CC05A5 /* Debug */ = {
			isa = XCBuildConfiguration;
			buildSettings = {
				LIBRARY_SEARCH_PATHS = (
					"$(inherited)",
					"$(PROJECT_DIR)/HungerGame_v2/GL/Win32",
					"$(PROJECT_DIR)/HungerGame_v2/GL/x64",
				);
				PRODUCT_NAME = "$(TARGET_NAME)";
			};
			name = Debug;
		};
		51A6678B1A9C77A100CC05A5 /* Release */ = {
			isa = XCBuildConfiguration;
			buildSettings = {
				LIBRARY_SEARCH_PATHS = (
					"$(inherited)",
					"$(PROJECT_DIR)/HungerGame_v2/GL/Win32",
					"$(PROJECT_DIR)/HungerGame_v2/GL/x64",
				);
				PRODUCT_NAME = "$(TARGET_NAME)";
			};
			name = Release;
		};
/* End XCBuildConfiguration section */

/* Begin XCConfigurationList section */
		51A6677D1A9C77A100CC05A5 /* Build configuration list for PBXProject "HungerGame_v2" */ = {
			isa = XCConfigurationList;
			buildConfigurations = (
				51A667871A9C77A100CC05A5 /* Debug */,
				51A667881A9C77A100CC05A5 /* Release */,
			);
			defaultConfigurationIsVisible = 0;
			defaultConfigurationName = Release;
		};
		51A667891A9C77A100CC05A5 /* Build configuration list for PBXNativeTarget "HungerGame_v2" */ = {
			isa = XCConfigurationList;
			buildConfigurations = (
				51A6678A1A9C77A100CC05A5 /* Debug */,
				51A6678B1A9C77A100CC05A5 /* Release */,
			);
			defaultConfigurationIsVisible = 0;
			defaultConfigurationName = Release;
		};
/* End XCConfigurationList section */
	};
	rootObject = 51A6677A1A9C77A100CC05A5 /* Project object */;
}
